// !$*UTF8*$!
{
	archiveVersion = 1;
	classes = {
	};
	objectVersion = 50;
	objects = {

/* Begin PBXBuildFile section */
		9021FC2724D9348B0066B7D7 /* MapView.swift in Sources */ = {isa = PBXBuildFile; fileRef = 9021FC2624D9348B0066B7D7 /* MapView.swift */; };
		9021FC2924D97B990066B7D7 /* RestaurantLocationView.swift in Sources */ = {isa = PBXBuildFile; fileRef = 9021FC2824D97B990066B7D7 /* RestaurantLocationView.swift */; };
		90634B7824CC06E800A84D1D /* AppDelegate.swift in Sources */ = {isa = PBXBuildFile; fileRef = 90634B7724CC06E800A84D1D /* AppDelegate.swift */; };
		90634B7A24CC06E800A84D1D /* SceneDelegate.swift in Sources */ = {isa = PBXBuildFile; fileRef = 90634B7924CC06E800A84D1D /* SceneDelegate.swift */; };
		90634B7C24CC06E800A84D1D /* ContentView.swift in Sources */ = {isa = PBXBuildFile; fileRef = 90634B7B24CC06E800A84D1D /* ContentView.swift */; };
		90634B7E24CC06FA00A84D1D /* Assets.xcassets in Resources */ = {isa = PBXBuildFile; fileRef = 90634B7D24CC06FA00A84D1D /* Assets.xcassets */; };
		90634B8124CC06FA00A84D1D /* Preview Assets.xcassets in Resources */ = {isa = PBXBuildFile; fileRef = 90634B8024CC06FA00A84D1D /* Preview Assets.xcassets */; };
		90634B8424CC06FA00A84D1D /* LaunchScreen.storyboard in Resources */ = {isa = PBXBuildFile; fileRef = 90634B8224CC06FA00A84D1D /* LaunchScreen.storyboard */; };
		90634B8F24CC06FA00A84D1D /* FoodMatesTests.swift in Sources */ = {isa = PBXBuildFile; fileRef = 90634B8E24CC06FA00A84D1D /* FoodMatesTests.swift */; };
		90634BA124CC07F400A84D1D /* HomeScreen.swift in Sources */ = {isa = PBXBuildFile; fileRef = 90634BA024CC07F400A84D1D /* HomeScreen.swift */; };
		90634BA324CC087E00A84D1D /* CuisinesView.swift in Sources */ = {isa = PBXBuildFile; fileRef = 90634BA224CC087E00A84D1D /* CuisinesView.swift */; };
		90634BA524CC089100A84D1D /* CitiesView.swift in Sources */ = {isa = PBXBuildFile; fileRef = 90634BA424CC089100A84D1D /* CitiesView.swift */; };
		90634BA824CC08D800A84D1D /* LocationSearchVM.swift in Sources */ = {isa = PBXBuildFile; fileRef = 90634BA724CC08D800A84D1D /* LocationSearchVM.swift */; };
		90634BAA24CC08EE00A84D1D /* UserLocationVM.swift in Sources */ = {isa = PBXBuildFile; fileRef = 90634BA924CC08EE00A84D1D /* UserLocationVM.swift */; };
		90634BAC24CC090F00A84D1D /* CuisinesVM.swift in Sources */ = {isa = PBXBuildFile; fileRef = 90634BAB24CC090F00A84D1D /* CuisinesVM.swift */; };
		90634BAE24CC091D00A84D1D /* CitiesVM.swift in Sources */ = {isa = PBXBuildFile; fileRef = 90634BAD24CC091D00A84D1D /* CitiesVM.swift */; };
		90634BB124CC096000A84D1D /* LocationSearchModel.swift in Sources */ = {isa = PBXBuildFile; fileRef = 90634BB024CC096000A84D1D /* LocationSearchModel.swift */; };
		90634BB324CC098100A84D1D /* UserLocation.swift in Sources */ = {isa = PBXBuildFile; fileRef = 90634BB224CC098100A84D1D /* UserLocation.swift */; };
		90634BB524CC099600A84D1D /* Cuisines.swift in Sources */ = {isa = PBXBuildFile; fileRef = 90634BB424CC099600A84D1D /* Cuisines.swift */; };
		90634BB724CC09A600A84D1D /* Cities.swift in Sources */ = {isa = PBXBuildFile; fileRef = 90634BB624CC09A600A84D1D /* Cities.swift */; };
		90634BBC24CC0A0000A84D1D /* RestaurantsListView.swift in Sources */ = {isa = PBXBuildFile; fileRef = 90634BBB24CC0A0000A84D1D /* RestaurantsListView.swift */; };
		90634BBE24CC0A2500A84D1D /* RestaurantListRowView.swift in Sources */ = {isa = PBXBuildFile; fileRef = 90634BBD24CC0A2500A84D1D /* RestaurantListRowView.swift */; };
		90634BC024CC0A4300A84D1D /* RestaurantListImageView.swift in Sources */ = {isa = PBXBuildFile; fileRef = 90634BBF24CC0A4300A84D1D /* RestaurantListImageView.swift */; };
		90634BC224CC0A9100A84D1D /* RestaurantsListVM.swift in Sources */ = {isa = PBXBuildFile; fileRef = 90634BC124CC0A9100A84D1D /* RestaurantsListVM.swift */; };
		90634BC424CC0AE300A84D1D /* RestaurantsModel.swift in Sources */ = {isa = PBXBuildFile; fileRef = 90634BC324CC0AE300A84D1D /* RestaurantsModel.swift */; };
		90634BC724CC0B0B00A84D1D /* RestaurantDetails.swift in Sources */ = {isa = PBXBuildFile; fileRef = 90634BC624CC0B0B00A84D1D /* RestaurantDetails.swift */; };
		90634BCA24CC0B6400A84D1D /* HexColor.swift in Sources */ = {isa = PBXBuildFile; fileRef = 90634BC924CC0B6400A84D1D /* HexColor.swift */; };
		90634BCC24CC0B7E00A84D1D /* ImageLoader.swift in Sources */ = {isa = PBXBuildFile; fileRef = 90634BCB24CC0B7E00A84D1D /* ImageLoader.swift */; };
		90634BCE24CC0B9200A84D1D /* ActivityIndicator.swift in Sources */ = {isa = PBXBuildFile; fileRef = 90634BCD24CC0B9100A84D1D /* ActivityIndicator.swift */; };
		90634BD024CC0BA400A84D1D /* WebView.swift in Sources */ = {isa = PBXBuildFile; fileRef = 90634BCF24CC0BA400A84D1D /* WebView.swift */; };
		90634BD224CC0BC200A84D1D /* LocationManager.swift in Sources */ = {isa = PBXBuildFile; fileRef = 90634BD124CC0BC200A84D1D /* LocationManager.swift */; };
		90634BD624CC0C2000A84D1D /* ZomatoAPI.swift in Sources */ = {isa = PBXBuildFile; fileRef = 90634BD524CC0C2000A84D1D /* ZomatoAPI.swift */; };
		90634BD824CC0C3200A84D1D /* ZomatoError.swift in Sources */ = {isa = PBXBuildFile; fileRef = 90634BD724CC0C3200A84D1D /* ZomatoError.swift */; };
		90E20B4224DFE7F1003E13AD /* RestaurantAnnotations.swift in Sources */ = {isa = PBXBuildFile; fileRef = 90E20B4124DFE7F1003E13AD /* RestaurantAnnotations.swift */; };
/* End PBXBuildFile section */

/* Begin PBXContainerItemProxy section */
		90634B8B24CC06FA00A84D1D /* PBXContainerItemProxy */ = {
			isa = PBXContainerItemProxy;
			containerPortal = 90634B6C24CC06E800A84D1D /* Project object */;
			proxyType = 1;
			remoteGlobalIDString = 90634B7324CC06E800A84D1D;
			remoteInfo = FoodMates;
		};
/* End PBXContainerItemProxy section */

/* Begin PBXFileReference section */
		9021FC2624D9348B0066B7D7 /* MapView.swift */ = {isa = PBXFileReference; lastKnownFileType = sourcecode.swift; path = MapView.swift; sourceTree = "<group>"; };
		9021FC2824D97B990066B7D7 /* RestaurantLocationView.swift */ = {isa = PBXFileReference; lastKnownFileType = sourcecode.swift; path = RestaurantLocationView.swift; sourceTree = "<group>"; };
		90634B7424CC06E800A84D1D /* FoodMates.app */ = {isa = PBXFileReference; explicitFileType = wrapper.application; includeInIndex = 0; path = FoodMates.app; sourceTree = BUILT_PRODUCTS_DIR; };
		90634B7724CC06E800A84D1D /* AppDelegate.swift */ = {isa = PBXFileReference; lastKnownFileType = sourcecode.swift; path = AppDelegate.swift; sourceTree = "<group>"; };
		90634B7924CC06E800A84D1D /* SceneDelegate.swift */ = {isa = PBXFileReference; lastKnownFileType = sourcecode.swift; path = SceneDelegate.swift; sourceTree = "<group>"; };
		90634B7B24CC06E800A84D1D /* ContentView.swift */ = {isa = PBXFileReference; lastKnownFileType = sourcecode.swift; path = ContentView.swift; sourceTree = "<group>"; };
		90634B7D24CC06FA00A84D1D /* Assets.xcassets */ = {isa = PBXFileReference; lastKnownFileType = folder.assetcatalog; path = Assets.xcassets; sourceTree = "<group>"; };
		90634B8024CC06FA00A84D1D /* Preview Assets.xcassets */ = {isa = PBXFileReference; lastKnownFileType = folder.assetcatalog; path = "Preview Assets.xcassets"; sourceTree = "<group>"; };
		90634B8324CC06FA00A84D1D /* Base */ = {isa = PBXFileReference; lastKnownFileType = file.storyboard; name = Base; path = Base.lproj/LaunchScreen.storyboard; sourceTree = "<group>"; };
		90634B8524CC06FA00A84D1D /* Info.plist */ = {isa = PBXFileReference; lastKnownFileType = text.plist.xml; path = Info.plist; sourceTree = "<group>"; };
		90634B8A24CC06FA00A84D1D /* FoodMatesTests.xctest */ = {isa = PBXFileReference; explicitFileType = wrapper.cfbundle; includeInIndex = 0; path = FoodMatesTests.xctest; sourceTree = BUILT_PRODUCTS_DIR; };
		90634B8E24CC06FA00A84D1D /* FoodMatesTests.swift */ = {isa = PBXFileReference; lastKnownFileType = sourcecode.swift; path = FoodMatesTests.swift; sourceTree = "<group>"; };
		90634B9024CC06FA00A84D1D /* Info.plist */ = {isa = PBXFileReference; lastKnownFileType = text.plist.xml; path = Info.plist; sourceTree = "<group>"; };
		90634BA024CC07F400A84D1D /* HomeScreen.swift */ = {isa = PBXFileReference; lastKnownFileType = sourcecode.swift; path = HomeScreen.swift; sourceTree = "<group>"; };
		90634BA224CC087E00A84D1D /* CuisinesView.swift */ = {isa = PBXFileReference; lastKnownFileType = sourcecode.swift; path = CuisinesView.swift; sourceTree = "<group>"; };
		90634BA424CC089100A84D1D /* CitiesView.swift */ = {isa = PBXFileReference; lastKnownFileType = sourcecode.swift; path = CitiesView.swift; sourceTree = "<group>"; };
		90634BA724CC08D800A84D1D /* LocationSearchVM.swift */ = {isa = PBXFileReference; lastKnownFileType = sourcecode.swift; path = LocationSearchVM.swift; sourceTree = "<group>"; };
		90634BA924CC08EE00A84D1D /* UserLocationVM.swift */ = {isa = PBXFileReference; lastKnownFileType = sourcecode.swift; path = UserLocationVM.swift; sourceTree = "<group>"; };
		90634BAB24CC090F00A84D1D /* CuisinesVM.swift */ = {isa = PBXFileReference; lastKnownFileType = sourcecode.swift; path = CuisinesVM.swift; sourceTree = "<group>"; };
		90634BAD24CC091D00A84D1D /* CitiesVM.swift */ = {isa = PBXFileReference; lastKnownFileType = sourcecode.swift; path = CitiesVM.swift; sourceTree = "<group>"; };
		90634BB024CC096000A84D1D /* LocationSearchModel.swift */ = {isa = PBXFileReference; lastKnownFileType = sourcecode.swift; path = LocationSearchModel.swift; sourceTree = "<group>"; };
		90634BB224CC098100A84D1D /* UserLocation.swift */ = {isa = PBXFileReference; lastKnownFileType = sourcecode.swift; path = UserLocation.swift; sourceTree = "<group>"; };
		90634BB424CC099600A84D1D /* Cuisines.swift */ = {isa = PBXFileReference; lastKnownFileType = sourcecode.swift; path = Cuisines.swift; sourceTree = "<group>"; };
		90634BB624CC09A600A84D1D /* Cities.swift */ = {isa = PBXFileReference; lastKnownFileType = sourcecode.swift; path = Cities.swift; sourceTree = "<group>"; };
		90634BBB24CC0A0000A84D1D /* RestaurantsListView.swift */ = {isa = PBXFileReference; lastKnownFileType = sourcecode.swift; path = RestaurantsListView.swift; sourceTree = "<group>"; };
		90634BBD24CC0A2500A84D1D /* RestaurantListRowView.swift */ = {isa = PBXFileReference; lastKnownFileType = sourcecode.swift; path = RestaurantListRowView.swift; sourceTree = "<group>"; };
		90634BBF24CC0A4300A84D1D /* RestaurantListImageView.swift */ = {isa = PBXFileReference; lastKnownFileType = sourcecode.swift; path = RestaurantListImageView.swift; sourceTree = "<group>"; };
		90634BC124CC0A9100A84D1D /* RestaurantsListVM.swift */ = {isa = PBXFileReference; lastKnownFileType = sourcecode.swift; path = RestaurantsListVM.swift; sourceTree = "<group>"; };
		90634BC324CC0AE300A84D1D /* RestaurantsModel.swift */ = {isa = PBXFileReference; lastKnownFileType = sourcecode.swift; path = RestaurantsModel.swift; sourceTree = "<group>"; };
		90634BC624CC0B0B00A84D1D /* RestaurantDetails.swift */ = {isa = PBXFileReference; lastKnownFileType = sourcecode.swift; path = RestaurantDetails.swift; sourceTree = "<group>"; };
		90634BC924CC0B6400A84D1D /* HexColor.swift */ = {isa = PBXFileReference; lastKnownFileType = sourcecode.swift; path = HexColor.swift; sourceTree = "<group>"; };
		90634BCB24CC0B7E00A84D1D /* ImageLoader.swift */ = {isa = PBXFileReference; lastKnownFileType = sourcecode.swift; path = ImageLoader.swift; sourceTree = "<group>"; };
		90634BCD24CC0B9100A84D1D /* ActivityIndicator.swift */ = {isa = PBXFileReference; lastKnownFileType = sourcecode.swift; path = ActivityIndicator.swift; sourceTree = "<group>"; };
		90634BCF24CC0BA400A84D1D /* WebView.swift */ = {isa = PBXFileReference; lastKnownFileType = sourcecode.swift; path = WebView.swift; sourceTree = "<group>"; };
		90634BD124CC0BC200A84D1D /* LocationManager.swift */ = {isa = PBXFileReference; lastKnownFileType = sourcecode.swift; path = LocationManager.swift; sourceTree = "<group>"; };
		90634BD524CC0C2000A84D1D /* ZomatoAPI.swift */ = {isa = PBXFileReference; lastKnownFileType = sourcecode.swift; path = ZomatoAPI.swift; sourceTree = "<group>"; };
		90634BD724CC0C3200A84D1D /* ZomatoError.swift */ = {isa = PBXFileReference; lastKnownFileType = sourcecode.swift; path = ZomatoError.swift; sourceTree = "<group>"; };
		90E20B4124DFE7F1003E13AD /* RestaurantAnnotations.swift */ = {isa = PBXFileReference; lastKnownFileType = sourcecode.swift; path = RestaurantAnnotations.swift; sourceTree = "<group>"; };
/* End PBXFileReference section */

/* Begin PBXFrameworksBuildPhase section */
		90634B7124CC06E800A84D1D /* Frameworks */ = {
			isa = PBXFrameworksBuildPhase;
			buildActionMask = 2147483647;
			files = (
			);
			runOnlyForDeploymentPostprocessing = 0;
		};
		90634B8724CC06FA00A84D1D /* Frameworks */ = {
			isa = PBXFrameworksBuildPhase;
			buildActionMask = 2147483647;
			files = (
			);
			runOnlyForDeploymentPostprocessing = 0;
		};
/* End PBXFrameworksBuildPhase section */

/* Begin PBXGroup section */
		90634B6B24CC06E700A84D1D = {
			isa = PBXGroup;
			children = (
				90634B7624CC06E800A84D1D /* FoodMates */,
				90634B8D24CC06FA00A84D1D /* FoodMatesTests */,
				90634B7524CC06E800A84D1D /* Products */,
			);
			sourceTree = "<group>";
		};
		90634B7524CC06E800A84D1D /* Products */ = {
			isa = PBXGroup;
			children = (
				90634B7424CC06E800A84D1D /* FoodMates.app */,
				90634B8A24CC06FA00A84D1D /* FoodMatesTests.xctest */,
			);
			name = Products;
			sourceTree = "<group>";
		};
		90634B7624CC06E800A84D1D /* FoodMates */ = {
			isa = PBXGroup;
			children = (
				90634B9E24CC07B900A84D1D /* HomeScreen */,
				90634B9A24CC074300A84D1D /* RestaurantsList */,
				90634B9B24CC075400A84D1D /* RestaurantDetails */,
				90634B9C24CC077900A84D1D /* Services */,
				90634B7724CC06E800A84D1D /* AppDelegate.swift */,
				90634B7924CC06E800A84D1D /* SceneDelegate.swift */,
				90634B7B24CC06E800A84D1D /* ContentView.swift */,
				90634B7D24CC06FA00A84D1D /* Assets.xcassets */,
				90634B8224CC06FA00A84D1D /* LaunchScreen.storyboard */,
				90634B8524CC06FA00A84D1D /* Info.plist */,
				90634B7F24CC06FA00A84D1D /* Preview Content */,
			);
			path = FoodMates;
			sourceTree = "<group>";
		};
		90634B7F24CC06FA00A84D1D /* Preview Content */ = {
			isa = PBXGroup;
			children = (
				90634B8024CC06FA00A84D1D /* Preview Assets.xcassets */,
			);
			path = "Preview Content";
			sourceTree = "<group>";
		};
		90634B8D24CC06FA00A84D1D /* FoodMatesTests */ = {
			isa = PBXGroup;
			children = (
				90634B8E24CC06FA00A84D1D /* FoodMatesTests.swift */,
				90634B9024CC06FA00A84D1D /* Info.plist */,
			);
			path = FoodMatesTests;
			sourceTree = "<group>";
		};
		90634B9A24CC074300A84D1D /* RestaurantsList */ = {
			isa = PBXGroup;
			children = (
				90634BBA24CC09C600A84D1D /* Model */,
				90634BB924CC09BC00A84D1D /* ViewModel */,
				90634BB824CC09B200A84D1D /* UI */,
			);
			path = RestaurantsList;
			sourceTree = "<group>";
		};
		90634B9B24CC075400A84D1D /* RestaurantDetails */ = {
			isa = PBXGroup;
			children = (
				90634BC524CC0AF200A84D1D /* UI */,
			);
			path = RestaurantDetails;
			sourceTree = "<group>";
		};
		90634B9C24CC077900A84D1D /* Services */ = {
			isa = PBXGroup;
			children = (
				90634BD424CC0BE600A84D1D /* API Helper */,
				90634BC824CC0B1E00A84D1D /* UI Helper */,
			);
			path = Services;
			sourceTree = "<group>";
		};
		90634B9E24CC07B900A84D1D /* HomeScreen */ = {
			isa = PBXGroup;
			children = (
				90634BAF24CC092500A84D1D /* Model */,
				90634BA624CC089A00A84D1D /* ViewModel */,
				90634B9F24CC07CA00A84D1D /* UI */,
			);
			path = HomeScreen;
			sourceTree = "<group>";
		};
		90634B9F24CC07CA00A84D1D /* UI */ = {
			isa = PBXGroup;
			children = (
				90634BA024CC07F400A84D1D /* HomeScreen.swift */,
				90634BA224CC087E00A84D1D /* CuisinesView.swift */,
				90634BA424CC089100A84D1D /* CitiesView.swift */,
			);
			path = UI;
			sourceTree = "<group>";
		};
		90634BA624CC089A00A84D1D /* ViewModel */ = {
			isa = PBXGroup;
			children = (
				90634BA724CC08D800A84D1D /* LocationSearchVM.swift */,
				90634BA924CC08EE00A84D1D /* UserLocationVM.swift */,
				90634BAB24CC090F00A84D1D /* CuisinesVM.swift */,
				90634BAD24CC091D00A84D1D /* CitiesVM.swift */,
			);
			path = ViewModel;
			sourceTree = "<group>";
		};
		90634BAF24CC092500A84D1D /* Model */ = {
			isa = PBXGroup;
			children = (
				90634BB024CC096000A84D1D /* LocationSearchModel.swift */,
				90634BB224CC098100A84D1D /* UserLocation.swift */,
				90634BB424CC099600A84D1D /* Cuisines.swift */,
				90634BB624CC09A600A84D1D /* Cities.swift */,
			);
			path = Model;
			sourceTree = "<group>";
		};
		90634BB824CC09B200A84D1D /* UI */ = {
			isa = PBXGroup;
			children = (
				90634BBB24CC0A0000A84D1D /* RestaurantsListView.swift */,
				90634BBD24CC0A2500A84D1D /* RestaurantListRowView.swift */,
				90634BBF24CC0A4300A84D1D /* RestaurantListImageView.swift */,
				9021FC2624D9348B0066B7D7 /* MapView.swift */,
				9021FC2824D97B990066B7D7 /* RestaurantLocationView.swift */,
			);
			path = UI;
			sourceTree = "<group>";
		};
		90634BB924CC09BC00A84D1D /* ViewModel */ = {
			isa = PBXGroup;
			children = (
				90634BC124CC0A9100A84D1D /* RestaurantsListVM.swift */,
			);
			path = ViewModel;
			sourceTree = "<group>";
		};
		90634BBA24CC09C600A84D1D /* Model */ = {
			isa = PBXGroup;
			children = (
				90634BC324CC0AE300A84D1D /* RestaurantsModel.swift */,
			);
			path = Model;
			sourceTree = "<group>";
		};
		90634BC524CC0AF200A84D1D /* UI */ = {
			isa = PBXGroup;
			children = (
				90634BC624CC0B0B00A84D1D /* RestaurantDetails.swift */,
			);
			path = UI;
			sourceTree = "<group>";
		};
		90634BC824CC0B1E00A84D1D /* UI Helper */ = {
			isa = PBXGroup;
			children = (
				90634BC924CC0B6400A84D1D /* HexColor.swift */,
				90634BCB24CC0B7E00A84D1D /* ImageLoader.swift */,
				90634BCD24CC0B9100A84D1D /* ActivityIndicator.swift */,
				90634BCF24CC0BA400A84D1D /* WebView.swift */,
				90634BD124CC0BC200A84D1D /* LocationManager.swift */,
				90E20B4124DFE7F1003E13AD /* RestaurantAnnotations.swift */,
			);
			path = "UI Helper";
			sourceTree = "<group>";
		};
		90634BD424CC0BE600A84D1D /* API Helper */ = {
			isa = PBXGroup;
			children = (
				90634BD524CC0C2000A84D1D /* ZomatoAPI.swift */,
				90634BD724CC0C3200A84D1D /* ZomatoError.swift */,
			);
			path = "API Helper";
			sourceTree = "<group>";
		};
/* End PBXGroup section */

/* Begin PBXNativeTarget section */
		90634B7324CC06E800A84D1D /* FoodMates */ = {
			isa = PBXNativeTarget;
			buildConfigurationList = 90634B9324CC06FA00A84D1D /* Build configuration list for PBXNativeTarget "FoodMates" */;
			buildPhases = (
				90634B7024CC06E800A84D1D /* Sources */,
				90634B7124CC06E800A84D1D /* Frameworks */,
				90634B7224CC06E800A84D1D /* Resources */,
			);
			buildRules = (
			);
			dependencies = (
			);
			name = FoodMates;
			productName = FoodMates;
			productReference = 90634B7424CC06E800A84D1D /* FoodMates.app */;
			productType = "com.apple.product-type.application";
		};
		90634B8924CC06FA00A84D1D /* FoodMatesTests */ = {
			isa = PBXNativeTarget;
			buildConfigurationList = 90634B9624CC06FA00A84D1D /* Build configuration list for PBXNativeTarget "FoodMatesTests" */;
			buildPhases = (
				90634B8624CC06FA00A84D1D /* Sources */,
				90634B8724CC06FA00A84D1D /* Frameworks */,
				90634B8824CC06FA00A84D1D /* Resources */,
			);
			buildRules = (
			);
			dependencies = (
				90634B8C24CC06FA00A84D1D /* PBXTargetDependency */,
			);
			name = FoodMatesTests;
			productName = FoodMatesTests;
			productReference = 90634B8A24CC06FA00A84D1D /* FoodMatesTests.xctest */;
			productType = "com.apple.product-type.bundle.unit-test";
		};
/* End PBXNativeTarget section */

/* Begin PBXProject section */
		90634B6C24CC06E800A84D1D /* Project object */ = {
			isa = PBXProject;
			attributes = {
				LastSwiftUpdateCheck = 1130;
				LastUpgradeCheck = 1130;
				ORGANIZATIONNAME = com.hiren;
				TargetAttributes = {
					90634B7324CC06E800A84D1D = {
						CreatedOnToolsVersion = 11.3.1;
					};
					90634B8924CC06FA00A84D1D = {
						CreatedOnToolsVersion = 11.3.1;
						TestTargetID = 90634B7324CC06E800A84D1D;
					};
				};
			};
			buildConfigurationList = 90634B6F24CC06E800A84D1D /* Build configuration list for PBXProject "FoodMates" */;
			compatibilityVersion = "Xcode 9.3";
			developmentRegion = en;
			hasScannedForEncodings = 0;
			knownRegions = (
				en,
				Base,
			);
			mainGroup = 90634B6B24CC06E700A84D1D;
			productRefGroup = 90634B7524CC06E800A84D1D /* Products */;
			projectDirPath = "";
			projectRoot = "";
			targets = (
				90634B7324CC06E800A84D1D /* FoodMates */,
				90634B8924CC06FA00A84D1D /* FoodMatesTests */,
			);
		};
/* End PBXProject section */

/* Begin PBXResourcesBuildPhase section */
		90634B7224CC06E800A84D1D /* Resources */ = {
			isa = PBXResourcesBuildPhase;
			buildActionMask = 2147483647;
			files = (
				90634B8424CC06FA00A84D1D /* LaunchScreen.storyboard in Resources */,
				90634B8124CC06FA00A84D1D /* Preview Assets.xcassets in Resources */,
				90634B7E24CC06FA00A84D1D /* Assets.xcassets in Resources */,
			);
			runOnlyForDeploymentPostprocessing = 0;
		};
		90634B8824CC06FA00A84D1D /* Resources */ = {
			isa = PBXResourcesBuildPhase;
			buildActionMask = 2147483647;
			files = (
			);
			runOnlyForDeploymentPostprocessing = 0;
		};
/* End PBXResourcesBuildPhase section */

/* Begin PBXSourcesBuildPhase section */
		90634B7024CC06E800A84D1D /* Sources */ = {
			isa = PBXSourcesBuildPhase;
			buildActionMask = 2147483647;
			files = (
				90634BD824CC0C3200A84D1D /* ZomatoError.swift in Sources */,
				90634BA124CC07F400A84D1D /* HomeScreen.swift in Sources */,
				90634BC724CC0B0B00A84D1D /* RestaurantDetails.swift in Sources */,
				90634BD224CC0BC200A84D1D /* LocationManager.swift in Sources */,
				90634B7824CC06E800A84D1D /* AppDelegate.swift in Sources */,
				90634BAA24CC08EE00A84D1D /* UserLocationVM.swift in Sources */,
				90634B7A24CC06E800A84D1D /* SceneDelegate.swift in Sources */,
				90E20B4224DFE7F1003E13AD /* RestaurantAnnotations.swift in Sources */,
				90634BB724CC09A600A84D1D /* Cities.swift in Sources */,
				90634BC424CC0AE300A84D1D /* RestaurantsModel.swift in Sources */,
				90634BCA24CC0B6400A84D1D /* HexColor.swift in Sources */,
				90634BA324CC087E00A84D1D /* CuisinesView.swift in Sources */,
				90634BD024CC0BA400A84D1D /* WebView.swift in Sources */,
				90634B7C24CC06E800A84D1D /* ContentView.swift in Sources */,
				90634BA824CC08D800A84D1D /* LocationSearchVM.swift in Sources */,
				90634BBC24CC0A0000A84D1D /* RestaurantsListView.swift in Sources */,
				90634BCE24CC0B9200A84D1D /* ActivityIndicator.swift in Sources */,
				90634BB124CC096000A84D1D /* LocationSearchModel.swift in Sources */,
				90634BAC24CC090F00A84D1D /* CuisinesVM.swift in Sources */,
				90634BC224CC0A9100A84D1D /* RestaurantsListVM.swift in Sources */,
				90634BB324CC098100A84D1D /* UserLocation.swift in Sources */,
				90634BCC24CC0B7E00A84D1D /* ImageLoader.swift in Sources */,
				9021FC2724D9348B0066B7D7 /* MapView.swift in Sources */,
				90634BD624CC0C2000A84D1D /* ZomatoAPI.swift in Sources */,
				90634BA524CC089100A84D1D /* CitiesView.swift in Sources */,
				90634BAE24CC091D00A84D1D /* CitiesVM.swift in Sources */,
				90634BBE24CC0A2500A84D1D /* RestaurantListRowView.swift in Sources */,
				90634BC024CC0A4300A84D1D /* RestaurantListImageView.swift in Sources */,
				9021FC2924D97B990066B7D7 /* RestaurantLocationView.swift in Sources */,
				90634BB524CC099600A84D1D /* Cuisines.swift in Sources */,
			);
			runOnlyForDeploymentPostprocessing = 0;
		};
		90634B8624CC06FA00A84D1D /* Sources */ = {
			isa = PBXSourcesBuildPhase;
			buildActionMask = 2147483647;
			files = (
				90634B8F24CC06FA00A84D1D /* FoodMatesTests.swift in Sources */,
			);
			runOnlyForDeploymentPostprocessing = 0;
		};
/* End PBXSourcesBuildPhase section */

/* Begin PBXTargetDependency section */
		90634B8C24CC06FA00A84D1D /* PBXTargetDependency */ = {
			isa = PBXTargetDependency;
			target = 90634B7324CC06E800A84D1D /* FoodMates */;
			targetProxy = 90634B8B24CC06FA00A84D1D /* PBXContainerItemProxy */;
		};
/* End PBXTargetDependency section */

/* Begin PBXVariantGroup section */
		90634B8224CC06FA00A84D1D /* LaunchScreen.storyboard */ = {
			isa = PBXVariantGroup;
			children = (
				90634B8324CC06FA00A84D1D /* Base */,
			);
			name = LaunchScreen.storyboard;
			sourceTree = "<group>";
		};
/* End PBXVariantGroup section */

/* Begin XCBuildConfiguration section */
		90634B9124CC06FA00A84D1D /* Debug */ = {
			isa = XCBuildConfiguration;
			buildSettings = {
				ALWAYS_SEARCH_USER_PATHS = NO;
				CLANG_ANALYZER_NONNULL = YES;
				CLANG_ANALYZER_NUMBER_OBJECT_CONVERSION = YES_AGGRESSIVE;
				CLANG_CXX_LANGUAGE_STANDARD = "gnu++14";
				CLANG_CXX_LIBRARY = "libc++";
				CLANG_ENABLE_MODULES = YES;
				CLANG_ENABLE_OBJC_ARC = YES;
				CLANG_ENABLE_OBJC_WEAK = YES;
				CLANG_WARN_BLOCK_CAPTURE_AUTORELEASING = YES;
				CLANG_WARN_BOOL_CONVERSION = YES;
				CLANG_WARN_COMMA = YES;
				CLANG_WARN_CONSTANT_CONVERSION = YES;
				CLANG_WARN_DEPRECATED_OBJC_IMPLEMENTATIONS = YES;
				CLANG_WARN_DIRECT_OBJC_ISA_USAGE = YES_ERROR;
				CLANG_WARN_DOCUMENTATION_COMMENTS = YES;
				CLANG_WARN_EMPTY_BODY = YES;
				CLANG_WARN_ENUM_CONVERSION = YES;
				CLANG_WARN_INFINITE_RECURSION = YES;
				CLANG_WARN_INT_CONVERSION = YES;
				CLANG_WARN_NON_LITERAL_NULL_CONVERSION = YES;
				CLANG_WARN_OBJC_IMPLICIT_RETAIN_SELF = YES;
				CLANG_WARN_OBJC_LITERAL_CONVERSION = YES;
				CLANG_WARN_OBJC_ROOT_CLASS = YES_ERROR;
				CLANG_WARN_RANGE_LOOP_ANALYSIS = YES;
				CLANG_WARN_STRICT_PROTOTYPES = YES;
				CLANG_WARN_SUSPICIOUS_MOVE = YES;
				CLANG_WARN_UNGUARDED_AVAILABILITY = YES_AGGRESSIVE;
				CLANG_WARN_UNREACHABLE_CODE = YES;
				CLANG_WARN__DUPLICATE_METHOD_MATCH = YES;
				COPY_PHASE_STRIP = NO;
				DEBUG_INFORMATION_FORMAT = dwarf;
				ENABLE_STRICT_OBJC_MSGSEND = YES;
				ENABLE_TESTABILITY = YES;
				GCC_C_LANGUAGE_STANDARD = gnu11;
				GCC_DYNAMIC_NO_PIC = NO;
				GCC_NO_COMMON_BLOCKS = YES;
				GCC_OPTIMIZATION_LEVEL = 0;
				GCC_PREPROCESSOR_DEFINITIONS = (
					"DEBUG=1",
					"$(inherited)",
				);
				GCC_WARN_64_TO_32_BIT_CONVERSION = YES;
				GCC_WARN_ABOUT_RETURN_TYPE = YES_ERROR;
				GCC_WARN_UNDECLARED_SELECTOR = YES;
				GCC_WARN_UNINITIALIZED_AUTOS = YES_AGGRESSIVE;
				GCC_WARN_UNUSED_FUNCTION = YES;
				GCC_WARN_UNUSED_VARIABLE = YES;
				IPHONEOS_DEPLOYMENT_TARGET = 13.2;
				MTL_ENABLE_DEBUG_INFO = INCLUDE_SOURCE;
				MTL_FAST_MATH = YES;
				ONLY_ACTIVE_ARCH = YES;
				SDKROOT = iphoneos;
				SWIFT_ACTIVE_COMPILATION_CONDITIONS = DEBUG;
				SWIFT_OPTIMIZATION_LEVEL = "-Onone";
			};
			name = Debug;
		};
		90634B9224CC06FA00A84D1D /* Release */ = {
			isa = XCBuildConfiguration;
			buildSettings = {
				ALWAYS_SEARCH_USER_PATHS = NO;
				CLANG_ANALYZER_NONNULL = YES;
				CLANG_ANALYZER_NUMBER_OBJECT_CONVERSION = YES_AGGRESSIVE;
				CLANG_CXX_LANGUAGE_STANDARD = "gnu++14";
				CLANG_CXX_LIBRARY = "libc++";
				CLANG_ENABLE_MODULES = YES;
				CLANG_ENABLE_OBJC_ARC = YES;
				CLANG_ENABLE_OBJC_WEAK = YES;
				CLANG_WARN_BLOCK_CAPTURE_AUTORELEASING = YES;
				CLANG_WARN_BOOL_CONVERSION = YES;
				CLANG_WARN_COMMA = YES;
				CLANG_WARN_CONSTANT_CONVERSION = YES;
				CLANG_WARN_DEPRECATED_OBJC_IMPLEMENTATIONS = YES;
				CLANG_WARN_DIRECT_OBJC_ISA_USAGE = YES_ERROR;
				CLANG_WARN_DOCUMENTATION_COMMENTS = YES;
				CLANG_WARN_EMPTY_BODY = YES;
				CLANG_WARN_ENUM_CONVERSION = YES;
				CLANG_WARN_INFINITE_RECURSION = YES;
				CLANG_WARN_INT_CONVERSION = YES;
				CLANG_WARN_NON_LITERAL_NULL_CONVERSION = YES;
				CLANG_WARN_OBJC_IMPLICIT_RETAIN_SELF = YES;
				CLANG_WARN_OBJC_LITERAL_CONVERSION = YES;
				CLANG_WARN_OBJC_ROOT_CLASS = YES_ERROR;
				CLANG_WARN_RANGE_LOOP_ANALYSIS = YES;
				CLANG_WARN_STRICT_PROTOTYPES = YES;
				CLANG_WARN_SUSPICIOUS_MOVE = YES;
				CLANG_WARN_UNGUARDED_AVAILABILITY = YES_AGGRESSIVE;
				CLANG_WARN_UNREACHABLE_CODE = YES;
				CLANG_WARN__DUPLICATE_METHOD_MATCH = YES;
				COPY_PHASE_STRIP = NO;
				DEBUG_INFORMATION_FORMAT = "dwarf-with-dsym";
				ENABLE_NS_ASSERTIONS = NO;
				ENABLE_STRICT_OBJC_MSGSEND = YES;
				GCC_C_LANGUAGE_STANDARD = gnu11;
				GCC_NO_COMMON_BLOCKS = YES;
				GCC_WARN_64_TO_32_BIT_CONVERSION = YES;
				GCC_WARN_ABOUT_RETURN_TYPE = YES_ERROR;
				GCC_WARN_UNDECLARED_SELECTOR = YES;
				GCC_WARN_UNINITIALIZED_AUTOS = YES_AGGRESSIVE;
				GCC_WARN_UNUSED_FUNCTION = YES;
				GCC_WARN_UNUSED_VARIABLE = YES;
				IPHONEOS_DEPLOYMENT_TARGET = 13.2;
				MTL_ENABLE_DEBUG_INFO = NO;
				MTL_FAST_MATH = YES;
				SDKROOT = iphoneos;
				SWIFT_COMPILATION_MODE = wholemodule;
				SWIFT_OPTIMIZATION_LEVEL = "-O";
				VALIDATE_PRODUCT = YES;
			};
			name = Release;
		};
		90634B9424CC06FA00A84D1D /* Debug */ = {
			isa = XCBuildConfiguration;
			buildSettings = {
				ASSETCATALOG_COMPILER_APPICON_NAME = AppIcon;
				CODE_SIGN_STYLE = Automatic;
				DEVELOPMENT_ASSET_PATHS = "\"FoodMates/Preview Content\"";
				DEVELOPMENT_TEAM = R22P8BF93F;
				ENABLE_PREVIEWS = YES;
				INFOPLIST_FILE = FoodMates/Info.plist;
				LD_RUNPATH_SEARCH_PATHS = (
					"$(inherited)",
					"@executable_path/Frameworks",
				);
				PRODUCT_BUNDLE_IDENTIFIER = com.hiren.FoodMates;
				PRODUCT_NAME = "$(TARGET_NAME)";
				SWIFT_VERSION = 5.0;
				TARGETED_DEVICE_FAMILY = 1;
			};
			name = Debug;
		};
		90634B9524CC06FA00A84D1D /* Release */ = {
			isa = XCBuildConfiguration;
			buildSettings = {
				ASSETCATALOG_COMPILER_APPICON_NAME = AppIcon;
				CODE_SIGN_STYLE = Automatic;
				DEVELOPMENT_ASSET_PATHS = "\"FoodMates/Preview Content\"";
				DEVELOPMENT_TEAM = R22P8BF93F;
				ENABLE_PREVIEWS = YES;
				INFOPLIST_FILE = FoodMates/Info.plist;
				LD_RUNPATH_SEARCH_PATHS = (
					"$(inherited)",
					"@executable_path/Frameworks",
				);
				PRODUCT_BUNDLE_IDENTIFIER = com.hiren.FoodMates;
				PRODUCT_NAME = "$(TARGET_NAME)";
				SWIFT_VERSION = 5.0;
				TARGETED_DEVICE_FAMILY = 1;
			};
			name = Release;
		};
		90634B9724CC06FA00A84D1D /* Debug */ = {
			isa = XCBuildConfiguration;
			buildSettings = {
				ALWAYS_EMBED_SWIFT_STANDARD_LIBRARIES = YES;
				BUNDLE_LOADER = "$(TEST_HOST)";
				CODE_SIGN_STYLE = Automatic;
				DEVELOPMENT_TEAM = R22P8BF93F;
				INFOPLIST_FILE = FoodMatesTests/Info.plist;
				IPHONEOS_DEPLOYMENT_TARGET = 13.2;
				LD_RUNPATH_SEARCH_PATHS = (
					"$(inherited)",
					"@executable_path/Frameworks",
					"@loader_path/Frameworks",
				);
				PRODUCT_BUNDLE_IDENTIFIER = com.hiren.FoodMatesTests;
				PRODUCT_NAME = "$(TARGET_NAME)";
				SWIFT_VERSION = 5.0;
				TARGETED_DEVICE_FAMILY = "1,2";
				TEST_HOST = "$(BUILT_PRODUCTS_DIR)/FoodMates.app/FoodMates";
			};
			name = Debug;
		};
		90634B9824CC06FA00A84D1D /* Release */ = {
			isa = XCBuildConfiguration;
			buildSettings = {
				ALWAYS_EMBED_SWIFT_STANDARD_LIBRARIES = YES;
				BUNDLE_LOADER = "$(TEST_HOST)";
				CODE_SIGN_STYLE = Automatic;
				DEVELOPMENT_TEAM = R22P8BF93F;
				INFOPLIST_FILE = FoodMatesTests/Info.plist;
				IPHONEOS_DEPLOYMENT_TARGET = 13.2;
				LD_RUNPATH_SEARCH_PATHS = (
					"$(inherited)",
					"@executable_path/Frameworks",
					"@loader_path/Frameworks",
				);
				PRODUCT_BUNDLE_IDENTIFIER = com.hiren.FoodMatesTests;
				PRODUCT_NAME = "$(TARGET_NAME)";
				SWIFT_VERSION = 5.0;
				TARGETED_DEVICE_FAMILY = "1,2";
				TEST_HOST = "$(BUILT_PRODUCTS_DIR)/FoodMates.app/FoodMates";
			};
			name = Release;
		};
/* End XCBuildConfiguration section */

/* Begin XCConfigurationList section */
		90634B6F24CC06E800A84D1D /* Build configuration list for PBXProject "FoodMates" */ = {
			isa = XCConfigurationList;
			buildConfigurations = (
				90634B9124CC06FA00A84D1D /* Debug */,
				90634B9224CC06FA00A84D1D /* Release */,
			);
			defaultConfigurationIsVisible = 0;
			defaultConfigurationName = Release;
		};
		90634B9324CC06FA00A84D1D /* Build configuration list for PBXNativeTarget "FoodMates" */ = {
			isa = XCConfigurationList;
			buildConfigurations = (
				90634B9424CC06FA00A84D1D /* Debug */,
				90634B9524CC06FA00A84D1D /* Release */,
			);
			defaultConfigurationIsVisible = 0;
			defaultConfigurationName = Release;
		};
		90634B9624CC06FA00A84D1D /* Build configuration list for PBXNativeTarget "FoodMatesTests" */ = {
			isa = XCConfigurationList;
			buildConfigurations = (
				90634B9724CC06FA00A84D1D /* Debug */,
				90634B9824CC06FA00A84D1D /* Release */,
			);
			defaultConfigurationIsVisible = 0;
			defaultConfigurationName = Release;
		};
/* End XCConfigurationList section */
	};
	rootObject = 90634B6C24CC06E800A84D1D /* Project object */;
}
